
Microsoft Visual Studio Solution File, Format Version 12.00
# Visual Studio 14
VisualStudioVersion = 14.0.23107.0
MinimumVisualStudioVersion = 10.0.40219.1
Project("{F184B08F-C81C-45F6-A57F-5ABD9991F28F}") = "KilowattHours", "KilowattHours\KilowattHours.vbproj", "{5ACCC593-08E2-4FC0-A8CD-CDDD8DD00912}"
EndProject
Global
	GlobalSection(SolutionConfigurationPlatforms) = preSolution
		Debug|Any CPU = Debug|Any CPU
		Release|Any CPU = Release|Any CPU
	EndGlobalSection
	GlobalSection(ProjectConfigurationPlatforms) = postSolution
		{5ACCC593-08E2-4FC0-A8CD-CDDD8DD00912}.Debug|Any CPU.ActiveCfg = Debug|Any CPU
		{5ACCC593-08E2-4FC0-A8CD-CDDD8DD00912}.Debug|Any CPU.Build.0 = Debug|Any CPU
		{5ACCC593-08E2-4FC0-A8CD-CDDD8DD00912}.Release|Any CPU.ActiveCfg = Release|Any CPU
		{5ACCC593-08E2-4FC0-A8CD-CDDD8DD00912}.Release|Any CPU.Build.0 = Release|Any CPU
	EndGlobalSection
	GlobalSection(SolutionProperties) = preSolution
		HideSolutionNode = FALSE
	EndGlobalSection
EndGlobal
